
Microsoft Visual Studio Solution File, Format Version 12.00
# Visual Studio Version 16
VisualStudioVersion = 16.0.31424.327
MinimumVisualStudioVersion = 10.0.40219.1
Project("{8BC9CEB8-8B4A-11D0-8D11-00A0C91BC942}") = "homework7", "homework7.vcxproj", "{C11B0782-3ABC-4ACB-85D7-0F0B494DDE3F}"
EndProject
Global
	GlobalSection(SolutionConfigurationPlatforms) = preSolution
		Debug|x64 = Debug|x64
		Debug|x86 = Debug|x86
		Release|x64 = Release|x64
		Release|x86 = Release|x86
	EndGlobalSection
	GlobalSection(ProjectConfigurationPlatforms) = postSolution
		{C11B0782-3ABC-4ACB-85D7-0F0B494DDE3F}.Debug|x64.ActiveCfg = Debug|x64
		{C11B0782-3ABC-4ACB-85D7-0F0B494DDE3F}.Debug|x64.Build.0 = Debug|x64
		{C11B0782-3ABC-4ACB-85D7-0F0B494DDE3F}.Debug|x86.ActiveCfg = Debug|Win32
		{C11B0782-3ABC-4ACB-85D7-0F0B494DDE3F}.Debug|x86.Build.0 = Debug|Win32
		{C11B0782-3ABC-4ACB-85D7-0F0B494DDE3F}.Release|x64.ActiveCfg = Release|x64
		{C11B0782-3ABC-4ACB-85D7-0F0B494DDE3F}.Release|x64.Build.0 = Release|x64
		{C11B0782-3ABC-4ACB-85D7-0F0B494DDE3F}.Release|x86.ActiveCfg = Release|Win32
		{C11B0782-3ABC-4ACB-85D7-0F0B494DDE3F}.Release|x86.Build.0 = Release|Win32
	EndGlobalSection
	GlobalSection(SolutionProperties) = preSolution
		HideSolutionNode = FALSE
	EndGlobalSection
	GlobalSection(ExtensibilityGlobals) = postSolution
		SolutionGuid = {8DFCC275-B7BB-4E85-931E-31682D299965}
	EndGlobalSection
EndGlobal
